{
  "name": "gatsby-source-npm-author-packages-dev",
  "version": "0.0.1",
  "lockfileVersion": 1,
  "requires": true,
  "dependencies": {
    "gatsby-source-npm-author-packages": {
      "version": "0.0.1",
      "resolved": "https://registry.npmjs.org/gatsby-source-npm-author-packages/-/gatsby-source-npm-author-packages-0.0.1.tgz",
      "integrity": "sha512-DooeGMdgamgvL/E5CbrkPnnCDdvRI+nKz6ApYN/5I2fAm8bk0SbUgIBYaFInILc42e1q1/qk+uqfJLVDK42new=="
    }
  }
}
